
Microsoft Visual Studio Solution File, Format Version 12.00
# Visual Studio Version 16
VisualStudioVersion = 16.0.28803.352
MinimumVisualStudioVersion = 10.0.40219.1
Project("{FAE04EC0-301F-11D3-BF4B-00C04F79EFBC}") = "PhysCalc", "PhysCalc\PhysCalc.csproj", "{D961AE2E-5814-4CF2-8FD7-1B4C80CF9561}"
EndProject
Global
	GlobalSection(SolutionConfigurationPlatforms) = preSolution
		Debug|Any CPU = Debug|Any CPU
		Release|Any CPU = Release|Any CPU
	EndGlobalSection
	GlobalSection(ProjectConfigurationPlatforms) = postSolution
		{D961AE2E-5814-4CF2-8FD7-1B4C80CF9561}.Debug|Any CPU.ActiveCfg = Debug|Any CPU
		{D961AE2E-5814-4CF2-8FD7-1B4C80CF9561}.Debug|Any CPU.Build.0 = Debug|Any CPU
		{D961AE2E-5814-4CF2-8FD7-1B4C80CF9561}.Release|Any CPU.ActiveCfg = Release|Any CPU
		{D961AE2E-5814-4CF2-8FD7-1B4C80CF9561}.Release|Any CPU.Build.0 = Release|Any CPU
	EndGlobalSection
	GlobalSection(SolutionProperties) = preSolution
		HideSolutionNode = FALSE
	EndGlobalSection
	GlobalSection(ExtensibilityGlobals) = postSolution
		SolutionGuid = {B947100B-F337-4824-B9AF-5C06AA734062}
	EndGlobalSection
EndGlobal
